
Microsoft Visual Studio Solution File, Format Version 12.00
# Visual Studio Version 17
VisualStudioVersion = 17.5.002.0
MinimumVisualStudioVersion = 10.0.40219.1
Project("{9A19103F-16F7-4668-BE54-9A1E7A4F7556}") = "AwayAPI", "AwayAPI\AwayAPI.csproj", "{B4613505-A146-4762-A272-C93CBDBC780A}"
EndProject
Project("{FAE04EC0-301F-11D3-BF4B-00C04F79EFBC}") = "Models", "Models\Models.csproj", "{C40F1C8A-3041-4FB6-B7FD-0A6EFBFB4AA8}"
EndProject
Project("{FAE04EC0-301F-11D3-BF4B-00C04F79EFBC}") = "theLeaguesUI", "theLeaguesUI\theLeaguesUI.csproj", "{5D2E75D0-3B27-4505-9174-22A002407808}"
EndProject
Project("{FAE04EC0-301F-11D3-BF4B-00C04F79EFBC}") = "HomeAPI", "HomeAPI\HomeAPI.csproj", "{F074CC2C-37CB-4600-9B4A-9C4D2C76FE57}"
EndProject
Global
	GlobalSection(SolutionConfigurationPlatforms) = preSolution
		Debug|Any CPU = Debug|Any CPU
		Release|Any CPU = Release|Any CPU
	EndGlobalSection
	GlobalSection(ProjectConfigurationPlatforms) = postSolution
		{B4613505-A146-4762-A272-C93CBDBC780A}.Debug|Any CPU.ActiveCfg = Debug|Any CPU
		{B4613505-A146-4762-A272-C93CBDBC780A}.Debug|Any CPU.Build.0 = Debug|Any CPU
		{B4613505-A146-4762-A272-C93CBDBC780A}.Release|Any CPU.ActiveCfg = Release|Any CPU
		{B4613505-A146-4762-A272-C93CBDBC780A}.Release|Any CPU.Build.0 = Release|Any CPU
		{C40F1C8A-3041-4FB6-B7FD-0A6EFBFB4AA8}.Debug|Any CPU.ActiveCfg = Debug|Any CPU
		{C40F1C8A-3041-4FB6-B7FD-0A6EFBFB4AA8}.Debug|Any CPU.Build.0 = Debug|Any CPU
		{C40F1C8A-3041-4FB6-B7FD-0A6EFBFB4AA8}.Release|Any CPU.ActiveCfg = Release|Any CPU
		{C40F1C8A-3041-4FB6-B7FD-0A6EFBFB4AA8}.Release|Any CPU.Build.0 = Release|Any CPU
		{5D2E75D0-3B27-4505-9174-22A002407808}.Debug|Any CPU.ActiveCfg = Debug|Any CPU
		{5D2E75D0-3B27-4505-9174-22A002407808}.Debug|Any CPU.Build.0 = Debug|Any CPU
		{5D2E75D0-3B27-4505-9174-22A002407808}.Release|Any CPU.ActiveCfg = Release|Any CPU
		{5D2E75D0-3B27-4505-9174-22A002407808}.Release|Any CPU.Build.0 = Release|Any CPU
		{F074CC2C-37CB-4600-9B4A-9C4D2C76FE57}.Debug|Any CPU.ActiveCfg = Debug|Any CPU
		{F074CC2C-37CB-4600-9B4A-9C4D2C76FE57}.Debug|Any CPU.Build.0 = Debug|Any CPU
		{F074CC2C-37CB-4600-9B4A-9C4D2C76FE57}.Release|Any CPU.ActiveCfg = Release|Any CPU
		{F074CC2C-37CB-4600-9B4A-9C4D2C76FE57}.Release|Any CPU.Build.0 = Release|Any CPU
	EndGlobalSection
	GlobalSection(SolutionProperties) = preSolution
		HideSolutionNode = FALSE
	EndGlobalSection
	GlobalSection(ExtensibilityGlobals) = postSolution
		SolutionGuid = {BEE1BB4D-4494-46EB-A27D-738A11FBD048}
	EndGlobalSection
EndGlobal
