
Microsoft Visual Studio Solution File, Format Version 12.00
# Visual Studio Version 17
VisualStudioVersion = 17.5.2.0
MinimumVisualStudioVersion = 10.0.40219.1
Project("{9A19103F-16F7-4668-BE54-9A1E7A4F7556}") = "AwayAPI", "AwayAPI\AwayAPI.csproj", "{B4613505-A146-4762-A272-C93CBDBC780A}"
EndProject
Project("{FAE04EC0-301F-11D3-BF4B-00C04F79EFBC}") = "Models", "Models\Models.csproj", "{C40F1C8A-3041-4FB6-B7FD-0A6EFBFB4AA8}"
EndProject
Project("{FAE04EC0-301F-11D3-BF4B-00C04F79EFBC}") = "HomeAPI", "HomeAPI\HomeAPI.csproj", "{F074CC2C-37CB-4600-9B4A-9C4D2C76FE57}"
EndProject
Project("{FAE04EC0-301F-11D3-BF4B-00C04F79EFBC}") = "TheLeaguesUI", "TheLeaguesUI\TheLeaguesUI.csproj", "{F8A154B0-51A4-4720-AC27-8D8AD54A61E9}"
EndProject
Global
	GlobalSection(SolutionConfigurationPlatforms) = preSolution
		Debug|Any CPU = Debug|Any CPU
		Debug|x64 = Debug|x64
		Debug|x86 = Debug|x86
		Release|Any CPU = Release|Any CPU
		Release|x64 = Release|x64
		Release|x86 = Release|x86
	EndGlobalSection
	GlobalSection(ProjectConfigurationPlatforms) = postSolution
		{B4613505-A146-4762-A272-C93CBDBC780A}.Debug|Any CPU.ActiveCfg = Debug|Any CPU
		{B4613505-A146-4762-A272-C93CBDBC780A}.Debug|Any CPU.Build.0 = Debug|Any CPU
		{B4613505-A146-4762-A272-C93CBDBC780A}.Debug|x64.ActiveCfg = Debug|Any CPU
		{B4613505-A146-4762-A272-C93CBDBC780A}.Debug|x64.Build.0 = Debug|Any CPU
		{B4613505-A146-4762-A272-C93CBDBC780A}.Debug|x86.ActiveCfg = Debug|Any CPU
		{B4613505-A146-4762-A272-C93CBDBC780A}.Debug|x86.Build.0 = Debug|Any CPU
		{B4613505-A146-4762-A272-C93CBDBC780A}.Release|Any CPU.ActiveCfg = Release|Any CPU
		{B4613505-A146-4762-A272-C93CBDBC780A}.Release|Any CPU.Build.0 = Release|Any CPU
		{B4613505-A146-4762-A272-C93CBDBC780A}.Release|x64.ActiveCfg = Release|Any CPU
		{B4613505-A146-4762-A272-C93CBDBC780A}.Release|x64.Build.0 = Release|Any CPU
		{B4613505-A146-4762-A272-C93CBDBC780A}.Release|x86.ActiveCfg = Release|Any CPU
		{B4613505-A146-4762-A272-C93CBDBC780A}.Release|x86.Build.0 = Release|Any CPU
		{C40F1C8A-3041-4FB6-B7FD-0A6EFBFB4AA8}.Debug|Any CPU.ActiveCfg = Debug|Any CPU
		{C40F1C8A-3041-4FB6-B7FD-0A6EFBFB4AA8}.Debug|Any CPU.Build.0 = Debug|Any CPU
		{C40F1C8A-3041-4FB6-B7FD-0A6EFBFB4AA8}.Debug|x64.ActiveCfg = Debug|Any CPU
		{C40F1C8A-3041-4FB6-B7FD-0A6EFBFB4AA8}.Debug|x64.Build.0 = Debug|Any CPU
		{C40F1C8A-3041-4FB6-B7FD-0A6EFBFB4AA8}.Debug|x86.ActiveCfg = Debug|Any CPU
		{C40F1C8A-3041-4FB6-B7FD-0A6EFBFB4AA8}.Debug|x86.Build.0 = Debug|Any CPU
		{C40F1C8A-3041-4FB6-B7FD-0A6EFBFB4AA8}.Release|Any CPU.ActiveCfg = Release|Any CPU
		{C40F1C8A-3041-4FB6-B7FD-0A6EFBFB4AA8}.Release|Any CPU.Build.0 = Release|Any CPU
		{C40F1C8A-3041-4FB6-B7FD-0A6EFBFB4AA8}.Release|x64.ActiveCfg = Release|Any CPU
		{C40F1C8A-3041-4FB6-B7FD-0A6EFBFB4AA8}.Release|x64.Build.0 = Release|Any CPU
		{C40F1C8A-3041-4FB6-B7FD-0A6EFBFB4AA8}.Release|x86.ActiveCfg = Release|Any CPU
		{C40F1C8A-3041-4FB6-B7FD-0A6EFBFB4AA8}.Release|x86.Build.0 = Release|Any CPU
		{F074CC2C-37CB-4600-9B4A-9C4D2C76FE57}.Debug|Any CPU.ActiveCfg = Debug|Any CPU
		{F074CC2C-37CB-4600-9B4A-9C4D2C76FE57}.Debug|Any CPU.Build.0 = Debug|Any CPU
		{F074CC2C-37CB-4600-9B4A-9C4D2C76FE57}.Debug|x64.ActiveCfg = Debug|Any CPU
		{F074CC2C-37CB-4600-9B4A-9C4D2C76FE57}.Debug|x64.Build.0 = Debug|Any CPU
		{F074CC2C-37CB-4600-9B4A-9C4D2C76FE57}.Debug|x86.ActiveCfg = Debug|Any CPU
		{F074CC2C-37CB-4600-9B4A-9C4D2C76FE57}.Debug|x86.Build.0 = Debug|Any CPU
		{F074CC2C-37CB-4600-9B4A-9C4D2C76FE57}.Release|Any CPU.ActiveCfg = Release|Any CPU
		{F074CC2C-37CB-4600-9B4A-9C4D2C76FE57}.Release|Any CPU.Build.0 = Release|Any CPU
		{F074CC2C-37CB-4600-9B4A-9C4D2C76FE57}.Release|x64.ActiveCfg = Release|Any CPU
		{F074CC2C-37CB-4600-9B4A-9C4D2C76FE57}.Release|x64.Build.0 = Release|Any CPU
		{F074CC2C-37CB-4600-9B4A-9C4D2C76FE57}.Release|x86.ActiveCfg = Release|Any CPU
		{F074CC2C-37CB-4600-9B4A-9C4D2C76FE57}.Release|x86.Build.0 = Release|Any CPU
		{F8A154B0-51A4-4720-AC27-8D8AD54A61E9}.Debug|Any CPU.ActiveCfg = Debug|Any CPU
		{F8A154B0-51A4-4720-AC27-8D8AD54A61E9}.Debug|Any CPU.Build.0 = Debug|Any CPU
		{F8A154B0-51A4-4720-AC27-8D8AD54A61E9}.Debug|x64.ActiveCfg = Debug|Any CPU
		{F8A154B0-51A4-4720-AC27-8D8AD54A61E9}.Debug|x64.Build.0 = Debug|Any CPU
		{F8A154B0-51A4-4720-AC27-8D8AD54A61E9}.Debug|x86.ActiveCfg = Debug|Any CPU
		{F8A154B0-51A4-4720-AC27-8D8AD54A61E9}.Debug|x86.Build.0 = Debug|Any CPU
		{F8A154B0-51A4-4720-AC27-8D8AD54A61E9}.Release|Any CPU.ActiveCfg = Release|Any CPU
		{F8A154B0-51A4-4720-AC27-8D8AD54A61E9}.Release|Any CPU.Build.0 = Release|Any CPU
		{F8A154B0-51A4-4720-AC27-8D8AD54A61E9}.Release|x64.ActiveCfg = Release|Any CPU
		{F8A154B0-51A4-4720-AC27-8D8AD54A61E9}.Release|x64.Build.0 = Release|Any CPU
		{F8A154B0-51A4-4720-AC27-8D8AD54A61E9}.Release|x86.ActiveCfg = Release|Any CPU
		{F8A154B0-51A4-4720-AC27-8D8AD54A61E9}.Release|x86.Build.0 = Release|Any CPU
	EndGlobalSection
	GlobalSection(SolutionProperties) = preSolution
		HideSolutionNode = FALSE
	EndGlobalSection
	GlobalSection(ExtensibilityGlobals) = postSolution
		SolutionGuid = {BEE1BB4D-4494-46EB-A27D-738A11FBD048}
	EndGlobalSection
EndGlobal
